
Microsoft Visual Studio Solution File, Format Version 12.00
# Visual Studio 15
VisualStudioVersion = 15.0.27428.2015
MinimumVisualStudioVersion = 10.0.40219.1
Project("{FAE04EC0-301F-11D3-BF4B-00C04F79EFBC}") = "RetrieveFromHm", "RetrieveFromHm\RetrieveFromHm.csproj", "{01908996-0CEE-405D-8947-5E7D82E49DCB}"
EndProject
Global
	GlobalSection(SolutionConfigurationPlatforms) = preSolution
		Debug|Any CPU = Debug|Any CPU
		Release|Any CPU = Release|Any CPU
	EndGlobalSection
	GlobalSection(ProjectConfigurationPlatforms) = postSolution
		{01908996-0CEE-405D-8947-5E7D82E49DCB}.Debug|Any CPU.ActiveCfg = Debug|Any CPU
		{01908996-0CEE-405D-8947-5E7D82E49DCB}.Debug|Any CPU.Build.0 = Debug|Any CPU
		{01908996-0CEE-405D-8947-5E7D82E49DCB}.Release|Any CPU.ActiveCfg = Release|Any CPU
		{01908996-0CEE-405D-8947-5E7D82E49DCB}.Release|Any CPU.Build.0 = Release|Any CPU
	EndGlobalSection
	GlobalSection(SolutionProperties) = preSolution
		HideSolutionNode = FALSE
	EndGlobalSection
	GlobalSection(ExtensibilityGlobals) = postSolution
		SolutionGuid = {F17E08D4-8D81-48D0-8ECE-11F2D400515E}
	EndGlobalSection
EndGlobal
